
Microsoft Visual Studio Solution File, Format Version 12.00
# Visual Studio Version 17
VisualStudioVersion = 17.11.35312.102
MinimumVisualStudioVersion = 10.0.40219.1
Project("{FAE04EC0-301F-11D3-BF4B-00C04F79EFBC}") = "DSA", "DSA\DSA.csproj", "{B71ECBBE-4F9B-474B-9ABD-8E7D587EEC0A}"
EndProject
Global
	GlobalSection(SolutionConfigurationPlatforms) = preSolution
		Debug|Any CPU = Debug|Any CPU
		Release|Any CPU = Release|Any CPU
	EndGlobalSection
	GlobalSection(ProjectConfigurationPlatforms) = postSolution
		{B71ECBBE-4F9B-474B-9ABD-8E7D587EEC0A}.Debug|Any CPU.ActiveCfg = Debug|Any CPU
		{B71ECBBE-4F9B-474B-9ABD-8E7D587EEC0A}.Debug|Any CPU.Build.0 = Debug|Any CPU
		{B71ECBBE-4F9B-474B-9ABD-8E7D587EEC0A}.Release|Any CPU.ActiveCfg = Release|Any CPU
		{B71ECBBE-4F9B-474B-9ABD-8E7D587EEC0A}.Release|Any CPU.Build.0 = Release|Any CPU
	EndGlobalSection
	GlobalSection(SolutionProperties) = preSolution
		HideSolutionNode = FALSE
	EndGlobalSection
	GlobalSection(ExtensibilityGlobals) = postSolution
		SolutionGuid = {C57E846C-D9DC-46CC-9DD5-D8A2B57B95DF}
	EndGlobalSection
EndGlobal
